
Microsoft Visual Studio Solution File, Format Version 12.00
# Visual Studio Version 17
VisualStudioVersion = 17.6.33829.357
MinimumVisualStudioVersion = 10.0.40219.1
Project("{9A19103F-16F7-4668-BE54-9A1E7A4F7556}") = "AbstractClasses", "AbstractClasses.csproj", "{164EBA8E-2073-4F34-AB95-50DE1B4BB7BC}"
EndProject
Global
	GlobalSection(SolutionConfigurationPlatforms) = preSolution
		Debug|Any CPU = Debug|Any CPU
		Release|Any CPU = Release|Any CPU
	EndGlobalSection
	GlobalSection(ProjectConfigurationPlatforms) = postSolution
		{164EBA8E-2073-4F34-AB95-50DE1B4BB7BC}.Debug|Any CPU.ActiveCfg = Debug|Any CPU
		{164EBA8E-2073-4F34-AB95-50DE1B4BB7BC}.Debug|Any CPU.Build.0 = Debug|Any CPU
		{164EBA8E-2073-4F34-AB95-50DE1B4BB7BC}.Release|Any CPU.ActiveCfg = Release|Any CPU
		{164EBA8E-2073-4F34-AB95-50DE1B4BB7BC}.Release|Any CPU.Build.0 = Release|Any CPU
	EndGlobalSection
	GlobalSection(SolutionProperties) = preSolution
		HideSolutionNode = FALSE
	EndGlobalSection
	GlobalSection(ExtensibilityGlobals) = postSolution
		SolutionGuid = {BE14914A-7B98-46B4-8BB7-6C436AA7AAE7}
	EndGlobalSection
EndGlobal
