
Microsoft Visual Studio Solution File, Format Version 12.00
# Visual Studio Version 17
VisualStudioVersion = 17.6.33829.357
MinimumVisualStudioVersion = 10.0.40219.1
Project("{9A19103F-16F7-4668-BE54-9A1E7A4F7556}") = "Generics", "Generics.csproj", "{FFDACE20-8FEF-4ECE-A335-D738D61505AF}"
EndProject
Global
	GlobalSection(SolutionConfigurationPlatforms) = preSolution
		Debug|Any CPU = Debug|Any CPU
		Release|Any CPU = Release|Any CPU
	EndGlobalSection
	GlobalSection(ProjectConfigurationPlatforms) = postSolution
		{FFDACE20-8FEF-4ECE-A335-D738D61505AF}.Debug|Any CPU.ActiveCfg = Debug|Any CPU
		{FFDACE20-8FEF-4ECE-A335-D738D61505AF}.Debug|Any CPU.Build.0 = Debug|Any CPU
		{FFDACE20-8FEF-4ECE-A335-D738D61505AF}.Release|Any CPU.ActiveCfg = Release|Any CPU
		{FFDACE20-8FEF-4ECE-A335-D738D61505AF}.Release|Any CPU.Build.0 = Release|Any CPU
	EndGlobalSection
	GlobalSection(SolutionProperties) = preSolution
		HideSolutionNode = FALSE
	EndGlobalSection
	GlobalSection(ExtensibilityGlobals) = postSolution
		SolutionGuid = {74476BBD-7A63-4666-84B9-6FFADFC6B6B8}
	EndGlobalSection
EndGlobal
